{
  "name": "nodejs-crypto",
  "version": "1.0.0",
  "lockfileVersion": 2,
  "requires": true,
  "packages": {
    "": {
      "version": "1.0.0",
      "license": "MIT",
      "dependencies": {
        "dotenv-defaults": "^2.0.1"
      }
    },
    "node_modules/dotenv": {
      "version": "8.2.0",
      "resolved": "https://registry.npmjs.org/dotenv/-/dotenv-8.2.0.tgz",
      "integrity": "sha512-8sJ78ElpbDJBHNeBzUbUVLsqKdccaa/BXF1uPTw3GrvQTBgrQrtObr2mUrE38vzYd8cEv+m/JBfDLioYcfXoaw==",
      "engines": {
        "node": ">=8"
      }
    },
    "node_modules/dotenv-defaults": {
      "version": "2.0.1",
      "resolved": "https://registry.npmjs.org/dotenv-defaults/-/dotenv-defaults-2.0.1.tgz",
      "integrity": "sha512-ugFCyBF7ILuwpmznduHPQZBMucHHJ8T4OBManTEVjemxCm2+nqifSuW2lD2SNKdiKSH1E324kZSdJ8M04b4I/A==",
      "dependencies": {
        "dotenv": "^8.2.0"
      }
    }
  },
  "dependencies": {
    "dotenv": {
      "version": "8.2.0",
      "resolved": "https://registry.npmjs.org/dotenv/-/dotenv-8.2.0.tgz",
      "integrity": "sha512-8sJ78ElpbDJBHNeBzUbUVLsqKdccaa/BXF1uPTw3GrvQTBgrQrtObr2mUrE38vzYd8cEv+m/JBfDLioYcfXoaw=="
    },
    "dotenv-defaults": {
      "version": "2.0.1",
      "resolved": "https://registry.npmjs.org/dotenv-defaults/-/dotenv-defaults-2.0.1.tgz",
      "integrity": "sha512-ugFCyBF7ILuwpmznduHPQZBMucHHJ8T4OBManTEVjemxCm2+nqifSuW2lD2SNKdiKSH1E324kZSdJ8M04b4I/A==",
      "requires": {
        "dotenv": "^8.2.0"
      }
    }
  }
}
